
Microsoft Visual Studio Solution File, Format Version 12.00
# Visual Studio 15
VisualStudioVersion = 15.0.28010.2046
MinimumVisualStudioVersion = 10.0.40219.1
Project("{FAE04EC0-301F-11D3-BF4B-00C04F79EFBC}") = "Task2UDPClient", "Task2UDPClient\Task2UDPClient.csproj", "{DF3E9140-B382-44C3-BF09-7687CED3C1E5}"
EndProject
Global
	GlobalSection(SolutionConfigurationPlatforms) = preSolution
		Debug|Any CPU = Debug|Any CPU
		Release|Any CPU = Release|Any CPU
	EndGlobalSection
	GlobalSection(ProjectConfigurationPlatforms) = postSolution
		{DF3E9140-B382-44C3-BF09-7687CED3C1E5}.Debug|Any CPU.ActiveCfg = Debug|Any CPU
		{DF3E9140-B382-44C3-BF09-7687CED3C1E5}.Debug|Any CPU.Build.0 = Debug|Any CPU
		{DF3E9140-B382-44C3-BF09-7687CED3C1E5}.Release|Any CPU.ActiveCfg = Release|Any CPU
		{DF3E9140-B382-44C3-BF09-7687CED3C1E5}.Release|Any CPU.Build.0 = Release|Any CPU
	EndGlobalSection
	GlobalSection(SolutionProperties) = preSolution
		HideSolutionNode = FALSE
	EndGlobalSection
	GlobalSection(ExtensibilityGlobals) = postSolution
		SolutionGuid = {C1B75D81-E047-4316-B59C-AD72C5B7B8D8}
	EndGlobalSection
EndGlobal
