
Microsoft Visual Studio Solution File, Format Version 12.00
# Visual Studio 15
VisualStudioVersion = 15.0.28010.2046
MinimumVisualStudioVersion = 10.0.40219.1
Project("{FAE04EC0-301F-11D3-BF4B-00C04F79EFBC}") = "Task2UDPEcho", "Task2UDPEcho\Task2UDPEcho.csproj", "{CE1D92D2-CD89-4016-ABF7-C4F2E0A4C76C}"
EndProject
Global
	GlobalSection(SolutionConfigurationPlatforms) = preSolution
		Debug|Any CPU = Debug|Any CPU
		Release|Any CPU = Release|Any CPU
	EndGlobalSection
	GlobalSection(ProjectConfigurationPlatforms) = postSolution
		{CE1D92D2-CD89-4016-ABF7-C4F2E0A4C76C}.Debug|Any CPU.ActiveCfg = Debug|Any CPU
		{CE1D92D2-CD89-4016-ABF7-C4F2E0A4C76C}.Debug|Any CPU.Build.0 = Debug|Any CPU
		{CE1D92D2-CD89-4016-ABF7-C4F2E0A4C76C}.Release|Any CPU.ActiveCfg = Release|Any CPU
		{CE1D92D2-CD89-4016-ABF7-C4F2E0A4C76C}.Release|Any CPU.Build.0 = Release|Any CPU
	EndGlobalSection
	GlobalSection(SolutionProperties) = preSolution
		HideSolutionNode = FALSE
	EndGlobalSection
	GlobalSection(ExtensibilityGlobals) = postSolution
		SolutionGuid = {E6AA3F24-A917-45AA-A97E-0F4FEECC444A}
	EndGlobalSection
EndGlobal
